{
  "name": "anybox-v2",
  "version": "0.0.0",
  "lockfileVersion": 3,
  "requires": true,
  "packages": {
    "": {
      "name": "anybox-v2",
      "version": "0.0.0",
      "workspaces": [
        "packages/*"
      ],
      "devDependencies": {
        "@types/node": "22.20.1",
        "typescript": "5.9.3"
      },
      "engines": {
        "node": ">=22.12.0"
      }
    },
    "../NyaCore/packages/core": {
      "name": "@nya/core",
      "version": "0.1.0-rc.1",
      "license": "MIT",
      "dependencies": {
        "@standard-schema/spec": "^1.1.0"
      },
      "engines": {
        "node": ">=22.12.0"
      }
    },
    "../NyaCore/packages/hmr": {
      "name": "@nya/hmr",
      "version": "0.1.0-rc.1",
      "license": "MIT",
      "dependencies": {
        "import-meta-resolve": "4.2.0",
        "typescript": "5.9.3"
      },
      "devDependencies": {
        "@nya/core": "0.1.0-rc.1",
        "@nya/loader": "0.1.0-rc.1"
      },
      "engines": {
        "node": ">=22.12.0"
      },
      "peerDependencies": {
        "@nya/core": "^0.1.0-rc.1",
        "@nya/loader": "^0.1.0-rc.1"
      }
    },
    "../NyaCore/packages/include": {
      "name": "@nya/include",
      "version": "0.1.0-rc.1",
      "license": "MIT",
      "devDependencies": {
        "@nya/core": "0.1.0-rc.1",
        "@nya/loader": "0.1.0-rc.1"
      },
      "engines": {
        "node": ">=22.12.0"
      },
      "peerDependencies": {
        "@nya/core": "^0.1.0-rc.1",
        "@nya/loader": "^0.1.0-rc.1"
      }
    },
    "../NyaCore/packages/loader": {
      "name": "@nya/loader",
      "version": "0.1.0-rc.1",
      "license": "MIT",
      "dependencies": {
        "import-meta-resolve": "4.2.0"
      },
      "devDependencies": {
        "@nya/core": "0.1.0-rc.1"
      },
      "engines": {
        "node": ">=22.12.0"
      },
      "peerDependencies": {
        "@nya/core": "^0.1.0-rc.1"
      }
    },
    "../NyaCore/packages/logger-console": {
      "name": "@nya/logger-console",
      "version": "0.1.0-rc.1",
      "license": "MIT",
      "devDependencies": {
        "@nya/core": "0.1.0-rc.1"
      },
      "engines": {
        "node": ">=22.12.0"
      },
      "peerDependencies": {
        "@nya/core": "^0.1.0-rc.1"
      }
    },
    "../NyaCore/packages/timer": {
      "name": "@nya/timer",
      "version": "0.1.0-rc.1",
      "license": "MIT",
      "devDependencies": {
        "@nya/core": "0.1.0-rc.1"
      },
      "engines": {
        "node": ">=22.12.0"
      },
      "peerDependencies": {
        "@nya/core": "^0.1.0-rc.1"
      }
    },
    "node_modules/@anybox/application": {
      "resolved": "packages/application",
      "link": true
    },
    "node_modules/@nya/core": {
      "resolved": "../NyaCore/packages/core",
      "link": true
    },
    "node_modules/@nya/hmr": {
      "resolved": "../NyaCore/packages/hmr",
      "link": true
    },
    "node_modules/@nya/include": {
      "resolved": "../NyaCore/packages/include",
      "link": true
    },
    "node_modules/@nya/loader": {
      "resolved": "../NyaCore/packages/loader",
      "link": true
    },
    "node_modules/@nya/logger-console": {
      "resolved": "../NyaCore/packages/logger-console",
      "link": true
    },
    "node_modules/@nya/timer": {
      "resolved": "../NyaCore/packages/timer",
      "link": true
    },
    "node_modules/@types/node": {
      "version": "22.20.1",
      "resolved": "https://registry.npmjs.org/@types/node/-/node-22.20.1.tgz",
      "integrity": "sha512-EANqOCF9QFyra+4pfxUcX9STKJpCLjMbObVzljIJomAWSnuSIEAvyzEU53GaajbXJEgdh0iEcPL+DGvpUd4k1Q==",
      "dev": true,
      "license": "MIT",
      "dependencies": {
        "undici-types": "~6.21.0"
      }
    },
    "node_modules/typescript": {
      "version": "5.9.3",
      "resolved": "https://registry.npmjs.org/typescript/-/typescript-5.9.3.tgz",
      "integrity": "sha512-jl1vZzPDinLr9eUt3J/t7V6FgNEw9QjvBPdysz9KfQDD41fQrC2Y4vKQdiaUpFT4bXlb1RHhLpp8wtm6M5TgSw==",
      "dev": true,
      "license": "Apache-2.0",
      "bin": {
        "tsc": "bin/tsc",
        "tsserver": "bin/tsserver"
      },
      "engines": {
        "node": ">=14.17"
      }
    },
    "node_modules/undici-types": {
      "version": "6.21.0",
      "resolved": "https://registry.npmjs.org/undici-types/-/undici-types-6.21.0.tgz",
      "integrity": "sha512-iwDZqg0QAGrg9Rav5H4n0M64c3mkR59cJ6wQp+7C4nI0gsmExaedaYLNO44eT4AtBBwjbTiGPMlt2Md0T9H9JQ==",
      "dev": true,
      "license": "MIT"
    },
    "packages/application": {
      "name": "@anybox/application",
      "version": "0.0.0",
      "dependencies": {
        "@nya/core": "file:../../../NyaCore/packages/core",
        "@nya/hmr": "file:../../../NyaCore/packages/hmr",
        "@nya/include": "file:../../../NyaCore/packages/include",
        "@nya/loader": "file:../../../NyaCore/packages/loader",
        "@nya/logger-console": "file:../../../NyaCore/packages/logger-console",
        "@nya/timer": "file:../../../NyaCore/packages/timer"
      },
      "engines": {
        "node": ">=22.12.0"
      }
    }
  }
}
